<?xml version="1.0" encoding="UTF-8" standalone="yes" ?>
<CodeBlocks_project_file>
	<FileVersion major="1" minor="6" />
	<Project>
		<Option title="H4des Emulator" />
		<Option pch_mode="2" />
		<Option compiler="gcc" />
		<Build>
			<Target title="Debug">
				<Option output="..\H4des Emulator Debug" prefix_auto="1" extension_auto="1" />
				<Option working_dir=".." />
				<Option object_output="obj\Debug\" />
				<Option type="1" />
				<Option compiler="gcc" />
				<Compiler>
					<Add option="-g" />
				</Compiler>
			</Target>
			<Target title="Release">
				<Option output="..\H4des Emulator" prefix_auto="1" extension_auto="1" />
				<Option working_dir=".." />
				<Option object_output="obj\Release\" />
				<Option type="1" />
				<Option compiler="gcc" />
				<Compiler>
					<Add option="-O2" />
				</Compiler>
				<Linker>
					<Add option="-s" />
				</Linker>
			</Target>
		</Build>
		<Compiler>
			<Add option="-Wall" />
			<Add option="-fexceptions" />
			<Add directory="packages\Arquivos\include" />
			<Add directory="packages\Arquivos\include\lua" />
			<Add directory="packages\Arquivos\include\pthread" />
		</Compiler>
		<Linker>
			<Add option="-lws2_32 -lpthreadGC2 -llua5.1" />
			<Add library="packages\Arquivos\lib\libmysql.lib" />
			<Add directory="packages\Arquivos\lib" />
		</Linker>
		<Unit filename="H4des Emulator.rc">
			<Option compilerVar="WINDRES" />
		</Unit>
		<Unit filename="comum\log.cpp" />
		<Unit filename="comum\log.h" />
		<Unit filename="version.h" />
		<Unit filename="worldserver\db.cpp" />
		<Unit filename="worldserver\extras.cpp" />
		<Unit filename="worldserver\gmcmd.cpp" />
		<Unit filename="worldserver\main.cpp" />
		<Unit filename="worldserver\message.cpp" />
		<Unit filename="worldserver\pacotes.cpp" />
		<Unit filename="worldserver\server.cpp" />
		<Unit filename="worldserver\worldserver.cpp" />
		<Unit filename="worldserver\worldserver.h" />
		<Extensions>
			<code_completion />
			<envvars />
			<debugger />
			<AutoVersioning>
				<Scheme minor_max="10" build_max="0" rev_max="0" rev_rand_max="10" build_times_to_increment_minor="100" />
				<Settings autoincrement="1" date_declarations="1" do_auto_increment="0" ask_to_increment="0" language="C++" svn="0" svn_directory="" header_path="version.h" />
				<Changes_Log show_changes_editor="0" app_title="released version %M.%m.%b of %p" changeslog_path="ChangesLog.txt" />
				<Code header_guard="VERSION_H" namespace="AutoVersion" prefix="" />
			</AutoVersioning>
		</Extensions>
	</Project>
</CodeBlocks_project_file>
